{
  "name": "guide",
  "version": "1.0.0",
  "lockfileVersion": 2,
  "requires": true,
  "packages": {
    "": {
      "version": "1.0.0",
      "license": "ISC",
      "dependencies": {
        "govuk-frontend": "^4.4.0"
      }
    },
    "node_modules/govuk-frontend": {
      "version": "4.4.0",
      "resolved": "https://registry.npmjs.org/govuk-frontend/-/govuk-frontend-4.4.0.tgz",
      "integrity": "sha512-3Hg4GePCdlynd7F6a3YPOEJx0lDPPP6iBv1S893tv3+efYGWLGvsSFdCG0uob8Xc1O7ckL19dSsFpFhBWUkTNA==",
      "engines": {
        "node": ">= 4.2.0"
      }
    }
  },
  "dependencies": {
    "govuk-frontend": {
      "version": "4.4.0",
      "resolved": "https://registry.npmjs.org/govuk-frontend/-/govuk-frontend-4.4.0.tgz",
      "integrity": "sha512-3Hg4GePCdlynd7F6a3YPOEJx0lDPPP6iBv1S893tv3+efYGWLGvsSFdCG0uob8Xc1O7ckL19dSsFpFhBWUkTNA=="
    }
  }
}
