{
  "name": "guide",
  "version": "1.0.0",
  "lockfileVersion": 2,
  "requires": true,
  "packages": {
    "": {
      "version": "1.0.0",
      "license": "ISC",
      "dependencies": {
        "govuk-frontend": "^4.4.1"
      }
    },
    "node_modules/govuk-frontend": {
      "version": "4.4.1",
      "resolved": "https://registry.npmjs.org/govuk-frontend/-/govuk-frontend-4.4.1.tgz",
      "integrity": "sha512-Jm1LUWiH9vy47b6HSH/ksSb4ueBrtTTgyLBk+3X2qqAmmFUc1AXWLSYHid07YYu1tvn9RnodWk5Bac5Ywqk6tA==",
      "engines": {
        "node": ">= 4.2.0"
      }
    }
  },
  "dependencies": {
    "govuk-frontend": {
      "version": "4.4.1",
      "resolved": "https://registry.npmjs.org/govuk-frontend/-/govuk-frontend-4.4.1.tgz",
      "integrity": "sha512-Jm1LUWiH9vy47b6HSH/ksSb4ueBrtTTgyLBk+3X2qqAmmFUc1AXWLSYHid07YYu1tvn9RnodWk5Bac5Ywqk6tA=="
    }
  }
}
